
Microsoft Visual Studio Solution File, Format Version 12.00
# Visual Studio 15
VisualStudioVersion = 15.0.27130.2027
MinimumVisualStudioVersion = 10.0.40219.1
Project("{9A19103F-16F7-4668-BE54-9A1E7A4F7556}") = "Serilog.Sinks.Raygun", "src\Serilog.Sinks.Raygun\Serilog.Sinks.Raygun.csproj", "{3AA91F8A-5366-46F6-8832-AA09A9A4C201}"
EndProject
Global
	GlobalSection(SolutionConfigurationPlatforms) = preSolution
		Debug|Any CPU = Debug|Any CPU
		Release|Any CPU = Release|Any CPU
	EndGlobalSection
	GlobalSection(ProjectConfigurationPlatforms) = postSolution
		{3AA91F8A-5366-46F6-8832-AA09A9A4C201}.Debug|Any CPU.ActiveCfg = Debug|Any CPU
		{3AA91F8A-5366-46F6-8832-AA09A9A4C201}.Debug|Any CPU.Build.0 = Debug|Any CPU
		{3AA91F8A-5366-46F6-8832-AA09A9A4C201}.Release|Any CPU.ActiveCfg = Release|Any CPU
		{3AA91F8A-5366-46F6-8832-AA09A9A4C201}.Release|Any CPU.Build.0 = Release|Any CPU
	EndGlobalSection
	GlobalSection(SolutionProperties) = preSolution
		HideSolutionNode = FALSE
	EndGlobalSection
	GlobalSection(ExtensibilityGlobals) = postSolution
		SolutionGuid = {9FEF5F51-92B5-4B7D-B4B0-E49F2F94E44F}
	EndGlobalSection
EndGlobal
